// !$*UTF8*$!
{
	archiveVersion = 1;
	classes = {
	};
	objectVersion = 46;
	objects = {

/* Begin PBXBuildFile section */
		A238A832170BC4EC00F820D2 /* AlViewContainerLayout.cpp in Sources */ = {isa = PBXBuildFile; fileRef = A238A831170BC4EC00F820D2 /* AlViewContainerLayout.cpp */; };
		A25B9E351717AC9300A1138D /* libpthread.dylib in Frameworks */ = {isa = PBXBuildFile; fileRef = A25B9E341717AC9300A1138D /* libpthread.dylib */; };
		A28FDB3C171E92F4001596DF /* UIView+AlViewLayout.m in Sources */ = {isa = PBXBuildFile; fileRef = A28FDB3B171E92F4001596DF /* UIView+AlViewLayout.m */; };
		A28FDB3F171EA4D5001596DF /* AlRelativeLayoutManager.m in Sources */ = {isa = PBXBuildFile; fileRef = A28FDB3E171EA4D5001596DF /* AlRelativeLayoutManager.m */; };
		A29CCC37170425B70068B119 /* UIKit.framework in Frameworks */ = {isa = PBXBuildFile; fileRef = A29CCC36170425B70068B119 /* UIKit.framework */; };
		A29CCC39170425B70068B119 /* Foundation.framework in Frameworks */ = {isa = PBXBuildFile; fileRef = A29CCC38170425B70068B119 /* Foundation.framework */; };
		A29CCC3B170425B70068B119 /* CoreGraphics.framework in Frameworks */ = {isa = PBXBuildFile; fileRef = A29CCC3A170425B70068B119 /* CoreGraphics.framework */; };
		A29CCC3D170425B70068B119 /* CoreData.framework in Frameworks */ = {isa = PBXBuildFile; fileRef = A29CCC3C170425B70068B119 /* CoreData.framework */; };
		A29CCC43170425B70068B119 /* InfoPlist.strings in Resources */ = {isa = PBXBuildFile; fileRef = A29CCC41170425B70068B119 /* InfoPlist.strings */; };
		A29CCC45170425B70068B119 /* main.m in Sources */ = {isa = PBXBuildFile; fileRef = A29CCC44170425B70068B119 /* main.m */; };
		A29CCC49170425B70068B119 /* AppDelegate.m in Sources */ = {isa = PBXBuildFile; fileRef = A29CCC48170425B70068B119 /* AppDelegate.m */; };
		A29CCC4B170425B70068B119 /* Default.png in Resources */ = {isa = PBXBuildFile; fileRef = A29CCC4A170425B70068B119 /* Default.png */; };
		A29CCC4D170425B70068B119 /* Default@2x.png in Resources */ = {isa = PBXBuildFile; fileRef = A29CCC4C170425B70068B119 /* Default@2x.png */; };
		A29CCC4F170425B70068B119 /* Default-568h@2x.png in Resources */ = {isa = PBXBuildFile; fileRef = A29CCC4E170425B70068B119 /* Default-568h@2x.png */; };
		A29CCC52170425B70068B119 /* MyUIView.xcdatamodeld in Sources */ = {isa = PBXBuildFile; fileRef = A29CCC50170425B70068B119 /* MyUIView.xcdatamodeld */; };
		A29CCC5A170425E50068B119 /* MainViewController.m in Sources */ = {isa = PBXBuildFile; fileRef = A29CCC59170425E50068B119 /* MainViewController.m */; };
		A29CCC6417042FC30068B119 /* AlViewLayout.cpp in Sources */ = {isa = PBXBuildFile; fileRef = A29CCC6217042FC30068B119 /* AlViewLayout.cpp */; };
		A29CCC6B1704478B0068B119 /* AlViewRelativeLayout.cpp in Sources */ = {isa = PBXBuildFile; fileRef = A29CCC691704478A0068B119 /* AlViewRelativeLayout.cpp */; };
		A2ACE1711726569E00FE1BEE /* AlLayoutChainNode.m in Sources */ = {isa = PBXBuildFile; fileRef = A2ACE1701726569E00FE1BEE /* AlLayoutChainNode.m */; };
		A2ACE17717265EAB00FE1BEE /* AlLayoutManager.m in Sources */ = {isa = PBXBuildFile; fileRef = A2ACE17617265EAB00FE1BEE /* AlLayoutManager.m */; };
		A2ACE179172660DE00FE1BEE /* AlLayoutParameter.m in Sources */ = {isa = PBXBuildFile; fileRef = A2ACE178172660DD00FE1BEE /* AlLayoutParameter.m */; };
		A2BA4A7E17269FB200D07A63 /* NSObject_KVContainer.m in Sources */ = {isa = PBXBuildFile; fileRef = A2BA4A7D17269FB200D07A63 /* NSObject_KVContainer.m */; };
		A2E3CA8B1709783C00968906 /* BitMatrix.c in Sources */ = {isa = PBXBuildFile; fileRef = A2E3CA8A1709783C00968906 /* BitMatrix.c */; };
/* End PBXBuildFile section */

/* Begin PBXFileReference section */
		A238A831170BC4EC00F820D2 /* AlViewContainerLayout.cpp */ = {isa = PBXFileReference; fileEncoding = 4; lastKnownFileType = sourcecode.cpp.cpp; path = AlViewContainerLayout.cpp; sourceTree = "<group>"; };
		A25B9E341717AC9300A1138D /* libpthread.dylib */ = {isa = PBXFileReference; lastKnownFileType = "compiled.mach-o.dylib"; name = libpthread.dylib; path = usr/lib/libpthread.dylib; sourceTree = SDKROOT; };
		A28FDB3A171E92F4001596DF /* UIView+AlViewLayout.h */ = {isa = PBXFileReference; fileEncoding = 4; lastKnownFileType = sourcecode.c.h; path = "UIView+AlViewLayout.h"; sourceTree = "<group>"; };
		A28FDB3B171E92F4001596DF /* UIView+AlViewLayout.m */ = {isa = PBXFileReference; fileEncoding = 4; lastKnownFileType = sourcecode.c.objc; path = "UIView+AlViewLayout.m"; sourceTree = "<group>"; };
		A28FDB3D171EA4D5001596DF /* AlRelativeLayoutManager.h */ = {isa = PBXFileReference; fileEncoding = 4; lastKnownFileType = sourcecode.c.h; path = AlRelativeLayoutManager.h; sourceTree = "<group>"; };
		A28FDB3E171EA4D5001596DF /* AlRelativeLayoutManager.m */ = {isa = PBXFileReference; fileEncoding = 4; lastKnownFileType = sourcecode.c.objc; path = AlRelativeLayoutManager.m; sourceTree = "<group>"; };
		A29CCC33170425B70068B119 /* MyUIView.app */ = {isa = PBXFileReference; explicitFileType = wrapper.application; includeInIndex = 0; path = MyUIView.app; sourceTree = BUILT_PRODUCTS_DIR; };
		A29CCC36170425B70068B119 /* UIKit.framework */ = {isa = PBXFileReference; lastKnownFileType = wrapper.framework; name = UIKit.framework; path = System/Library/Frameworks/UIKit.framework; sourceTree = SDKROOT; };
		A29CCC38170425B70068B119 /* Foundation.framework */ = {isa = PBXFileReference; lastKnownFileType = wrapper.framework; name = Foundation.framework; path = System/Library/Frameworks/Foundation.framework; sourceTree = SDKROOT; };
		A29CCC3A170425B70068B119 /* CoreGraphics.framework */ = {isa = PBXFileReference; lastKnownFileType = wrapper.framework; name = CoreGraphics.framework; path = System/Library/Frameworks/CoreGraphics.framework; sourceTree = SDKROOT; };
		A29CCC3C170425B70068B119 /* CoreData.framework */ = {isa = PBXFileReference; lastKnownFileType = wrapper.framework; name = CoreData.framework; path = System/Library/Frameworks/CoreData.framework; sourceTree = SDKROOT; };
		A29CCC40170425B70068B119 /* MyUIView-Info.plist */ = {isa = PBXFileReference; lastKnownFileType = text.plist.xml; path = "MyUIView-Info.plist"; sourceTree = "<group>"; };
		A29CCC42170425B70068B119 /* en */ = {isa = PBXFileReference; lastKnownFileType = text.plist.strings; name = en; path = en.lproj/InfoPlist.strings; sourceTree = "<group>"; };
		A29CCC44170425B70068B119 /* main.m */ = {isa = PBXFileReference; lastKnownFileType = sourcecode.c.objc; path = main.m; sourceTree = "<group>"; };
		A29CCC46170425B70068B119 /* MyUIView-Prefix.pch */ = {isa = PBXFileReference; lastKnownFileType = sourcecode.c.h; path = "MyUIView-Prefix.pch"; sourceTree = "<group>"; };
		A29CCC47170425B70068B119 /* AppDelegate.h */ = {isa = PBXFileReference; lastKnownFileType = sourcecode.c.h; path = AppDelegate.h; sourceTree = "<group>"; };
		A29CCC48170425B70068B119 /* AppDelegate.m */ = {isa = PBXFileReference; lastKnownFileType = sourcecode.c.objc; path = AppDelegate.m; sourceTree = "<group>"; };
		A29CCC4A170425B70068B119 /* Default.png */ = {isa = PBXFileReference; lastKnownFileType = image.png; path = Default.png; sourceTree = "<group>"; };
		A29CCC4C170425B70068B119 /* Default@2x.png */ = {isa = PBXFileReference; lastKnownFileType = image.png; path = "Default@2x.png"; sourceTree = "<group>"; };
		A29CCC4E170425B70068B119 /* Default-568h@2x.png */ = {isa = PBXFileReference; lastKnownFileType = image.png; path = "Default-568h@2x.png"; sourceTree = "<group>"; };
		A29CCC51170425B70068B119 /* MyUIView.xcdatamodel */ = {isa = PBXFileReference; lastKnownFileType = wrapper.xcdatamodel; path = MyUIView.xcdatamodel; sourceTree = "<group>"; };
		A29CCC58170425E50068B119 /* MainViewController.h */ = {isa = PBXFileReference; fileEncoding = 4; lastKnownFileType = sourcecode.c.h; path = MainViewController.h; sourceTree = "<group>"; };
		A29CCC59170425E50068B119 /* MainViewController.m */ = {isa = PBXFileReference; fileEncoding = 4; lastKnownFileType = sourcecode.c.objc; path = MainViewController.m; sourceTree = "<group>"; };
		A29CCC6217042FC30068B119 /* AlViewLayout.cpp */ = {isa = PBXFileReference; fileEncoding = 4; lastKnownFileType = sourcecode.cpp.cpp; path = AlViewLayout.cpp; sourceTree = "<group>"; };
		A29CCC6317042FC30068B119 /* AlViewLayout.h */ = {isa = PBXFileReference; fileEncoding = 4; lastKnownFileType = sourcecode.c.h; path = AlViewLayout.h; sourceTree = "<group>"; };
		A29CCC661704341E0068B119 /* AlViewContainerLayout.h */ = {isa = PBXFileReference; fileEncoding = 4; lastKnownFileType = sourcecode.c.h; path = AlViewContainerLayout.h; sourceTree = "<group>"; };
		A29CCC68170435370068B119 /* AlViewLayoutParameter.h */ = {isa = PBXFileReference; lastKnownFileType = sourcecode.c.h; path = AlViewLayoutParameter.h; sourceTree = "<group>"; };
		A29CCC691704478A0068B119 /* AlViewRelativeLayout.cpp */ = {isa = PBXFileReference; fileEncoding = 4; lastKnownFileType = sourcecode.cpp.cpp; path = AlViewRelativeLayout.cpp; sourceTree = "<group>"; };
		A29CCC6A1704478B0068B119 /* AlViewRelativeLayout.h */ = {isa = PBXFileReference; fileEncoding = 4; lastKnownFileType = sourcecode.c.h; path = AlViewRelativeLayout.h; sourceTree = "<group>"; };
		A2ACE16F1726569D00FE1BEE /* AlLayoutChainNode.h */ = {isa = PBXFileReference; fileEncoding = 4; lastKnownFileType = sourcecode.c.h; path = AlLayoutChainNode.h; sourceTree = "<group>"; };
		A2ACE1701726569E00FE1BEE /* AlLayoutChainNode.m */ = {isa = PBXFileReference; fileEncoding = 4; lastKnownFileType = sourcecode.c.objc; path = AlLayoutChainNode.m; sourceTree = "<group>"; };
		A2ACE17217265E2500FE1BEE /* AlLayoutParameter.h */ = {isa = PBXFileReference; fileEncoding = 4; lastKnownFileType = sourcecode.c.h; path = AlLayoutParameter.h; sourceTree = "<group>"; };
		A2ACE17517265EAB00FE1BEE /* AlLayoutManager.h */ = {isa = PBXFileReference; fileEncoding = 4; lastKnownFileType = sourcecode.c.h; path = AlLayoutManager.h; sourceTree = "<group>"; };
		A2ACE17617265EAB00FE1BEE /* AlLayoutManager.m */ = {isa = PBXFileReference; fileEncoding = 4; lastKnownFileType = sourcecode.c.objc; path = AlLayoutManager.m; sourceTree = "<group>"; };
		A2ACE178172660DD00FE1BEE /* AlLayoutParameter.m */ = {isa = PBXFileReference; fileEncoding = 4; lastKnownFileType = sourcecode.c.objc; path = AlLayoutParameter.m; sourceTree = "<group>"; };
		A2BA4A7C17269F3A00D07A63 /* NSObject_KVContainer.h */ = {isa = PBXFileReference; lastKnownFileType = sourcecode.c.h; path = NSObject_KVContainer.h; sourceTree = "<group>"; };
		A2BA4A7D17269FB200D07A63 /* NSObject_KVContainer.m */ = {isa = PBXFileReference; fileEncoding = 4; lastKnownFileType = sourcecode.c.objc; path = NSObject_KVContainer.m; sourceTree = "<group>"; };
		A2E3CA891709758500968906 /* BitMatrix.h */ = {isa = PBXFileReference; lastKnownFileType = sourcecode.c.h; path = BitMatrix.h; sourceTree = "<group>"; };
		A2E3CA8A1709783C00968906 /* BitMatrix.c */ = {isa = PBXFileReference; fileEncoding = 4; lastKnownFileType = sourcecode.c.c; path = BitMatrix.c; sourceTree = "<group>"; };
/* End PBXFileReference section */

/* Begin PBXFrameworksBuildPhase section */
		A29CCC30170425B70068B119 /* Frameworks */ = {
			isa = PBXFrameworksBuildPhase;
			buildActionMask = 2147483647;
			files = (
				A25B9E351717AC9300A1138D /* libpthread.dylib in Frameworks */,
				A29CCC37170425B70068B119 /* UIKit.framework in Frameworks */,
				A29CCC39170425B70068B119 /* Foundation.framework in Frameworks */,
				A29CCC3B170425B70068B119 /* CoreGraphics.framework in Frameworks */,
				A29CCC3D170425B70068B119 /* CoreData.framework in Frameworks */,
			);
			runOnlyForDeploymentPostprocessing = 0;
		};
/* End PBXFrameworksBuildPhase section */

/* Begin PBXGroup section */
		A238A833170C0BAB00F820D2 /* AlUIView */ = {
			isa = PBXGroup;
			children = (
				A28FDB3A171E92F4001596DF /* UIView+AlViewLayout.h */,
				A28FDB3B171E92F4001596DF /* UIView+AlViewLayout.m */,
				A28FDB3D171EA4D5001596DF /* AlRelativeLayoutManager.h */,
				A28FDB3E171EA4D5001596DF /* AlRelativeLayoutManager.m */,
				A2ACE16F1726569D00FE1BEE /* AlLayoutChainNode.h */,
				A2ACE1701726569E00FE1BEE /* AlLayoutChainNode.m */,
				A2ACE17217265E2500FE1BEE /* AlLayoutParameter.h */,
				A2ACE178172660DD00FE1BEE /* AlLayoutParameter.m */,
				A2ACE17517265EAB00FE1BEE /* AlLayoutManager.h */,
				A2ACE17617265EAB00FE1BEE /* AlLayoutManager.m */,
				A2BA4A7C17269F3A00D07A63 /* NSObject_KVContainer.h */,
				A2BA4A7D17269FB200D07A63 /* NSObject_KVContainer.m */,
			);
			name = AlUIView;
			sourceTree = "<group>";
		};
		A29CCC2A170425B60068B119 = {
			isa = PBXGroup;
			children = (
				A25B9E341717AC9300A1138D /* libpthread.dylib */,
				A29CCC3E170425B70068B119 /* MyUIView */,
				A29CCC35170425B70068B119 /* Frameworks */,
				A29CCC34170425B70068B119 /* Products */,
			);
			sourceTree = "<group>";
		};
		A29CCC34170425B70068B119 /* Products */ = {
			isa = PBXGroup;
			children = (
				A29CCC33170425B70068B119 /* MyUIView.app */,
			);
			name = Products;
			sourceTree = "<group>";
		};
		A29CCC35170425B70068B119 /* Frameworks */ = {
			isa = PBXGroup;
			children = (
				A29CCC36170425B70068B119 /* UIKit.framework */,
				A29CCC38170425B70068B119 /* Foundation.framework */,
				A29CCC3A170425B70068B119 /* CoreGraphics.framework */,
				A29CCC3C170425B70068B119 /* CoreData.framework */,
			);
			name = Frameworks;
			sourceTree = "<group>";
		};
		A29CCC3E170425B70068B119 /* MyUIView */ = {
			isa = PBXGroup;
			children = (
				A238A833170C0BAB00F820D2 /* AlUIView */,
				A29CCC5B170427430068B119 /* AlView */,
				A29CCC58170425E50068B119 /* MainViewController.h */,
				A29CCC59170425E50068B119 /* MainViewController.m */,
				A29CCC47170425B70068B119 /* AppDelegate.h */,
				A29CCC48170425B70068B119 /* AppDelegate.m */,
				A29CCC50170425B70068B119 /* MyUIView.xcdatamodeld */,
				A29CCC3F170425B70068B119 /* Supporting Files */,
			);
			path = MyUIView;
			sourceTree = "<group>";
		};
		A29CCC3F170425B70068B119 /* Supporting Files */ = {
			isa = PBXGroup;
			children = (
				A29CCC40170425B70068B119 /* MyUIView-Info.plist */,
				A29CCC41170425B70068B119 /* InfoPlist.strings */,
				A29CCC44170425B70068B119 /* main.m */,
				A29CCC46170425B70068B119 /* MyUIView-Prefix.pch */,
				A29CCC4A170425B70068B119 /* Default.png */,
				A29CCC4C170425B70068B119 /* Default@2x.png */,
				A29CCC4E170425B70068B119 /* Default-568h@2x.png */,
			);
			name = "Supporting Files";
			sourceTree = "<group>";
		};
		A29CCC5B170427430068B119 /* AlView */ = {
			isa = PBXGroup;
			children = (
				A29CCC6217042FC30068B119 /* AlViewLayout.cpp */,
				A29CCC6317042FC30068B119 /* AlViewLayout.h */,
				A29CCC661704341E0068B119 /* AlViewContainerLayout.h */,
				A238A831170BC4EC00F820D2 /* AlViewContainerLayout.cpp */,
				A29CCC68170435370068B119 /* AlViewLayoutParameter.h */,
				A29CCC691704478A0068B119 /* AlViewRelativeLayout.cpp */,
				A29CCC6A1704478B0068B119 /* AlViewRelativeLayout.h */,
				A2E3CA891709758500968906 /* BitMatrix.h */,
				A2E3CA8A1709783C00968906 /* BitMatrix.c */,
			);
			name = AlView;
			sourceTree = "<group>";
		};
/* End PBXGroup section */

/* Begin PBXNativeTarget section */
		A29CCC32170425B70068B119 /* MyUIView */ = {
			isa = PBXNativeTarget;
			buildConfigurationList = A29CCC55170425B70068B119 /* Build configuration list for PBXNativeTarget "MyUIView" */;
			buildPhases = (
				A29CCC2F170425B70068B119 /* Sources */,
				A29CCC30170425B70068B119 /* Frameworks */,
				A29CCC31170425B70068B119 /* Resources */,
			);
			buildRules = (
			);
			dependencies = (
			);
			name = MyUIView;
			productName = MyUIView;
			productReference = A29CCC33170425B70068B119 /* MyUIView.app */;
			productType = "com.apple.product-type.application";
		};
/* End PBXNativeTarget section */

/* Begin PBXProject section */
		A29CCC2B170425B60068B119 /* Project object */ = {
			isa = PBXProject;
			attributes = {
				LastUpgradeCheck = 0460;
				ORGANIZATIONNAME = DomQiu;
			};
			buildConfigurationList = A29CCC2E170425B60068B119 /* Build configuration list for PBXProject "MyUIView" */;
			compatibilityVersion = "Xcode 3.2";
			developmentRegion = English;
			hasScannedForEncodings = 0;
			knownRegions = (
				en,
			);
			mainGroup = A29CCC2A170425B60068B119;
			productRefGroup = A29CCC34170425B70068B119 /* Products */;
			projectDirPath = "";
			projectRoot = "";
			targets = (
				A29CCC32170425B70068B119 /* MyUIView */,
			);
		};
/* End PBXProject section */

/* Begin PBXResourcesBuildPhase section */
		A29CCC31170425B70068B119 /* Resources */ = {
			isa = PBXResourcesBuildPhase;
			buildActionMask = 2147483647;
			files = (
				A29CCC43170425B70068B119 /* InfoPlist.strings in Resources */,
				A29CCC4B170425B70068B119 /* Default.png in Resources */,
				A29CCC4D170425B70068B119 /* Default@2x.png in Resources */,
				A29CCC4F170425B70068B119 /* Default-568h@2x.png in Resources */,
			);
			runOnlyForDeploymentPostprocessing = 0;
		};
/* End PBXResourcesBuildPhase section */

/* Begin PBXSourcesBuildPhase section */
		A29CCC2F170425B70068B119 /* Sources */ = {
			isa = PBXSourcesBuildPhase;
			buildActionMask = 2147483647;
			files = (
				A29CCC45170425B70068B119 /* main.m in Sources */,
				A29CCC49170425B70068B119 /* AppDelegate.m in Sources */,
				A29CCC52170425B70068B119 /* MyUIView.xcdatamodeld in Sources */,
				A29CCC5A170425E50068B119 /* MainViewController.m in Sources */,
				A29CCC6417042FC30068B119 /* AlViewLayout.cpp in Sources */,
				A29CCC6B1704478B0068B119 /* AlViewRelativeLayout.cpp in Sources */,
				A2E3CA8B1709783C00968906 /* BitMatrix.c in Sources */,
				A238A832170BC4EC00F820D2 /* AlViewContainerLayout.cpp in Sources */,
				A28FDB3C171E92F4001596DF /* UIView+AlViewLayout.m in Sources */,
				A28FDB3F171EA4D5001596DF /* AlRelativeLayoutManager.m in Sources */,
				A2ACE1711726569E00FE1BEE /* AlLayoutChainNode.m in Sources */,
				A2ACE17717265EAB00FE1BEE /* AlLayoutManager.m in Sources */,
				A2ACE179172660DE00FE1BEE /* AlLayoutParameter.m in Sources */,
				A2BA4A7E17269FB200D07A63 /* NSObject_KVContainer.m in Sources */,
			);
			runOnlyForDeploymentPostprocessing = 0;
		};
/* End PBXSourcesBuildPhase section */

/* Begin PBXVariantGroup section */
		A29CCC41170425B70068B119 /* InfoPlist.strings */ = {
			isa = PBXVariantGroup;
			children = (
				A29CCC42170425B70068B119 /* en */,
			);
			name = InfoPlist.strings;
			sourceTree = "<group>";
		};
/* End PBXVariantGroup section */

/* Begin XCBuildConfiguration section */
		A29CCC53170425B70068B119 /* Debug */ = {
			isa = XCBuildConfiguration;
			buildSettings = {
				ALWAYS_SEARCH_USER_PATHS = NO;
				CLANG_CXX_LANGUAGE_STANDARD = "gnu++0x";
				CLANG_CXX_LIBRARY = "libc++";
				CLANG_WARN_CONSTANT_CONVERSION = YES;
				CLANG_WARN_EMPTY_BODY = YES;
				CLANG_WARN_ENUM_CONVERSION = YES;
				CLANG_WARN_INT_CONVERSION = YES;
				CLANG_WARN__DUPLICATE_METHOD_MATCH = YES;
				"CODE_SIGN_IDENTITY[sdk=iphoneos*]" = "iPhone Developer";
				COPY_PHASE_STRIP = NO;
				GCC_C_LANGUAGE_STANDARD = gnu99;
				GCC_DYNAMIC_NO_PIC = NO;
				GCC_OPTIMIZATION_LEVEL = 0;
				GCC_PREPROCESSOR_DEFINITIONS = (
					"DEBUG=1",
					"$(inherited)",
				);
				GCC_SYMBOLS_PRIVATE_EXTERN = NO;
				GCC_WARN_ABOUT_RETURN_TYPE = YES;
				GCC_WARN_UNINITIALIZED_AUTOS = YES;
				GCC_WARN_UNUSED_VARIABLE = YES;
				IPHONEOS_DEPLOYMENT_TARGET = 6.1;
				ONLY_ACTIVE_ARCH = YES;
				SDKROOT = iphoneos;
				TARGETED_DEVICE_FAMILY = "1,2";
			};
			name = Debug;
		};
		A29CCC54170425B70068B119 /* Release */ = {
			isa = XCBuildConfiguration;
			buildSettings = {
				ALWAYS_SEARCH_USER_PATHS = NO;
				CLANG_CXX_LANGUAGE_STANDARD = "gnu++0x";
				CLANG_CXX_LIBRARY = "libc++";
				CLANG_WARN_CONSTANT_CONVERSION = YES;
				CLANG_WARN_EMPTY_BODY = YES;
				CLANG_WARN_ENUM_CONVERSION = YES;
				CLANG_WARN_INT_CONVERSION = YES;
				CLANG_WARN__DUPLICATE_METHOD_MATCH = YES;
				"CODE_SIGN_IDENTITY[sdk=iphoneos*]" = "iPhone Developer";
				COPY_PHASE_STRIP = YES;
				GCC_C_LANGUAGE_STANDARD = gnu99;
				GCC_WARN_ABOUT_RETURN_TYPE = YES;
				GCC_WARN_UNINITIALIZED_AUTOS = YES;
				GCC_WARN_UNUSED_VARIABLE = YES;
				IPHONEOS_DEPLOYMENT_TARGET = 6.1;
				OTHER_CFLAGS = "-DNS_BLOCK_ASSERTIONS=1";
				SDKROOT = iphoneos;
				TARGETED_DEVICE_FAMILY = "1,2";
				VALIDATE_PRODUCT = YES;
			};
			name = Release;
		};
		A29CCC56170425B70068B119 /* Debug */ = {
			isa = XCBuildConfiguration;
			buildSettings = {
				CLANG_ENABLE_OBJC_ARC = YES;
				GCC_INPUT_FILETYPE = sourcecode.cpp.objcpp;
				GCC_PRECOMPILE_PREFIX_HEADER = YES;
				GCC_PREFIX_HEADER = "MyUIView/MyUIView-Prefix.pch";
				INFOPLIST_FILE = "MyUIView/MyUIView-Info.plist";
				PRODUCT_NAME = "$(TARGET_NAME)";
				WRAPPER_EXTENSION = app;
			};
			name = Debug;
		};
		A29CCC57170425B70068B119 /* Release */ = {
			isa = XCBuildConfiguration;
			buildSettings = {
				CLANG_ENABLE_OBJC_ARC = YES;
				GCC_INPUT_FILETYPE = sourcecode.cpp.objcpp;
				GCC_PRECOMPILE_PREFIX_HEADER = YES;
				GCC_PREFIX_HEADER = "MyUIView/MyUIView-Prefix.pch";
				INFOPLIST_FILE = "MyUIView/MyUIView-Info.plist";
				PRODUCT_NAME = "$(TARGET_NAME)";
				WRAPPER_EXTENSION = app;
			};
			name = Release;
		};
/* End XCBuildConfiguration section */

/* Begin XCConfigurationList section */
		A29CCC2E170425B60068B119 /* Build configuration list for PBXProject "MyUIView" */ = {
			isa = XCConfigurationList;
			buildConfigurations = (
				A29CCC53170425B70068B119 /* Debug */,
				A29CCC54170425B70068B119 /* Release */,
			);
			defaultConfigurationIsVisible = 0;
			defaultConfigurationName = Release;
		};
		A29CCC55170425B70068B119 /* Build configuration list for PBXNativeTarget "MyUIView" */ = {
			isa = XCConfigurationList;
			buildConfigurations = (
				A29CCC56170425B70068B119 /* Debug */,
				A29CCC57170425B70068B119 /* Release */,
			);
			defaultConfigurationIsVisible = 0;
			defaultConfigurationName = Release;
		};
/* End XCConfigurationList section */

/* Begin XCVersionGroup section */
		A29CCC50170425B70068B119 /* MyUIView.xcdatamodeld */ = {
			isa = XCVersionGroup;
			children = (
				A29CCC51170425B70068B119 /* MyUIView.xcdatamodel */,
			);
			currentVersion = A29CCC51170425B70068B119 /* MyUIView.xcdatamodel */;
			path = MyUIView.xcdatamodeld;
			sourceTree = "<group>";
			versionGroupType = wrapper.xcdatamodel;
		};
/* End XCVersionGroup section */
	};
	rootObject = A29CCC2B170425B60068B119 /* Project object */;
}
